
Microsoft Visual Studio Solution File, Format Version 12.00
# Visual Studio Version 17
VisualStudioVersion = 17.0.31903.59
MinimumVisualStudioVersion = 10.0.40219.1
Project("{2150E333-8FDC-42A3-9474-1A3956D46DE8}") = "TODO", "TODO", "{6E5E67B6-D9E1-4CE1-A4ED-79A048770387}"
EndProject
Project("{9A19103F-16F7-4668-BE54-9A1E7A4F7556}") = "ToDoAPI", "ToDo\ToDo\ToDoAPI.csproj", "{D0CB2D10-A5C9-4DCF-BB23-1E240ACFD5D7}"
EndProject
Project("{9A19103F-16F7-4668-BE54-9A1E7A4F7556}") = "ToDo.BL", "ToDo.BL\ToDo.BL.csproj", "{CB2C3CF7-65CF-48D8-8F4B-6E5D42693DDF}"
EndProject
Project("{2150E333-8FDC-42A3-9474-1A3956D46DE8}") = "Users", "Users", "{F46AC83C-FC35-40B0-B3A6-3172808E2821}"
EndProject
Project("{9A19103F-16F7-4668-BE54-9A1E7A4F7556}") = "User.API", "Users\User.API\User.API.csproj", "{C2B54796-B59D-449B-8C53-BC692EEC3B84}"
EndProject
Project("{2150E333-8FDC-42A3-9474-1A3956D46DE8}") = "Common", "Common", "{B9F1A401-2521-43F2-8319-96DF9ACD3088}"
EndProject
Project("{9A19103F-16F7-4668-BE54-9A1E7A4F7556}") = "Common.Repositories", "Common\Common.Repositories\Common.Repositories.csproj", "{9E84CDF7-D056-444F-99F0-71E0D0F2E16B}"
EndProject
Project("{9A19103F-16F7-4668-BE54-9A1E7A4F7556}") = "Common.Domain", "Common\Common.Domain\Common.Domain.csproj", "{59B729FA-D6F4-422B-A553-38BC30ED177E}"
EndProject
Project("{9A19103F-16F7-4668-BE54-9A1E7A4F7556}") = "Common.API", "Common.API\Common.API.csproj", "{8CD2F0AB-7AC5-4E50-A526-5F5ECDDF1130}"
EndProject
Project("{FAE04EC0-301F-11D3-BF4B-00C04F79EFBC}") = "Users.BL", "Users.BL\Users.BL.csproj", "{8E1383F2-1884-4B74-AF93-9EF0FE78638A}"
EndProject
Project("{FAE04EC0-301F-11D3-BF4B-00C04F79EFBC}") = "Common.BL", "Common.BL\Common.BL.csproj", "{8F9EBF66-9E49-4B03-B59C-DF43D50EEC70}"
EndProject
Global
	GlobalSection(SolutionConfigurationPlatforms) = preSolution
		Debug|Any CPU = Debug|Any CPU
		Release|Any CPU = Release|Any CPU
	EndGlobalSection
	GlobalSection(ProjectConfigurationPlatforms) = postSolution
		{D0CB2D10-A5C9-4DCF-BB23-1E240ACFD5D7}.Debug|Any CPU.ActiveCfg = Debug|Any CPU
		{D0CB2D10-A5C9-4DCF-BB23-1E240ACFD5D7}.Debug|Any CPU.Build.0 = Debug|Any CPU
		{D0CB2D10-A5C9-4DCF-BB23-1E240ACFD5D7}.Release|Any CPU.ActiveCfg = Release|Any CPU
		{D0CB2D10-A5C9-4DCF-BB23-1E240ACFD5D7}.Release|Any CPU.Build.0 = Release|Any CPU
		{CB2C3CF7-65CF-48D8-8F4B-6E5D42693DDF}.Debug|Any CPU.ActiveCfg = Debug|Any CPU
		{CB2C3CF7-65CF-48D8-8F4B-6E5D42693DDF}.Debug|Any CPU.Build.0 = Debug|Any CPU
		{CB2C3CF7-65CF-48D8-8F4B-6E5D42693DDF}.Release|Any CPU.ActiveCfg = Release|Any CPU
		{CB2C3CF7-65CF-48D8-8F4B-6E5D42693DDF}.Release|Any CPU.Build.0 = Release|Any CPU
		{C2B54796-B59D-449B-8C53-BC692EEC3B84}.Debug|Any CPU.ActiveCfg = Debug|Any CPU
		{C2B54796-B59D-449B-8C53-BC692EEC3B84}.Debug|Any CPU.Build.0 = Debug|Any CPU
		{C2B54796-B59D-449B-8C53-BC692EEC3B84}.Release|Any CPU.ActiveCfg = Release|Any CPU
		{C2B54796-B59D-449B-8C53-BC692EEC3B84}.Release|Any CPU.Build.0 = Release|Any CPU
		{9E84CDF7-D056-444F-99F0-71E0D0F2E16B}.Debug|Any CPU.ActiveCfg = Debug|Any CPU
		{9E84CDF7-D056-444F-99F0-71E0D0F2E16B}.Debug|Any CPU.Build.0 = Debug|Any CPU
		{9E84CDF7-D056-444F-99F0-71E0D0F2E16B}.Release|Any CPU.ActiveCfg = Release|Any CPU
		{9E84CDF7-D056-444F-99F0-71E0D0F2E16B}.Release|Any CPU.Build.0 = Release|Any CPU
		{59B729FA-D6F4-422B-A553-38BC30ED177E}.Debug|Any CPU.ActiveCfg = Debug|Any CPU
		{59B729FA-D6F4-422B-A553-38BC30ED177E}.Debug|Any CPU.Build.0 = Debug|Any CPU
		{59B729FA-D6F4-422B-A553-38BC30ED177E}.Release|Any CPU.ActiveCfg = Release|Any CPU
		{59B729FA-D6F4-422B-A553-38BC30ED177E}.Release|Any CPU.Build.0 = Release|Any CPU
		{8CD2F0AB-7AC5-4E50-A526-5F5ECDDF1130}.Debug|Any CPU.ActiveCfg = Debug|Any CPU
		{8CD2F0AB-7AC5-4E50-A526-5F5ECDDF1130}.Debug|Any CPU.Build.0 = Debug|Any CPU
		{8CD2F0AB-7AC5-4E50-A526-5F5ECDDF1130}.Release|Any CPU.ActiveCfg = Release|Any CPU
		{8CD2F0AB-7AC5-4E50-A526-5F5ECDDF1130}.Release|Any CPU.Build.0 = Release|Any CPU
		{8E1383F2-1884-4B74-AF93-9EF0FE78638A}.Debug|Any CPU.ActiveCfg = Debug|Any CPU
		{8E1383F2-1884-4B74-AF93-9EF0FE78638A}.Debug|Any CPU.Build.0 = Debug|Any CPU
		{8E1383F2-1884-4B74-AF93-9EF0FE78638A}.Release|Any CPU.ActiveCfg = Release|Any CPU
		{8E1383F2-1884-4B74-AF93-9EF0FE78638A}.Release|Any CPU.Build.0 = Release|Any CPU
		{8F9EBF66-9E49-4B03-B59C-DF43D50EEC70}.Debug|Any CPU.ActiveCfg = Debug|Any CPU
		{8F9EBF66-9E49-4B03-B59C-DF43D50EEC70}.Debug|Any CPU.Build.0 = Debug|Any CPU
		{8F9EBF66-9E49-4B03-B59C-DF43D50EEC70}.Release|Any CPU.ActiveCfg = Release|Any CPU
		{8F9EBF66-9E49-4B03-B59C-DF43D50EEC70}.Release|Any CPU.Build.0 = Release|Any CPU
	EndGlobalSection
	GlobalSection(SolutionProperties) = preSolution
		HideSolutionNode = FALSE
	EndGlobalSection
	GlobalSection(NestedProjects) = preSolution
		{D0CB2D10-A5C9-4DCF-BB23-1E240ACFD5D7} = {6E5E67B6-D9E1-4CE1-A4ED-79A048770387}
		{CB2C3CF7-65CF-48D8-8F4B-6E5D42693DDF} = {6E5E67B6-D9E1-4CE1-A4ED-79A048770387}
		{C2B54796-B59D-449B-8C53-BC692EEC3B84} = {F46AC83C-FC35-40B0-B3A6-3172808E2821}
		{9E84CDF7-D056-444F-99F0-71E0D0F2E16B} = {B9F1A401-2521-43F2-8319-96DF9ACD3088}
		{59B729FA-D6F4-422B-A553-38BC30ED177E} = {B9F1A401-2521-43F2-8319-96DF9ACD3088}
		{8CD2F0AB-7AC5-4E50-A526-5F5ECDDF1130} = {B9F1A401-2521-43F2-8319-96DF9ACD3088}
		{8E1383F2-1884-4B74-AF93-9EF0FE78638A} = {F46AC83C-FC35-40B0-B3A6-3172808E2821}
		{8F9EBF66-9E49-4B03-B59C-DF43D50EEC70} = {B9F1A401-2521-43F2-8319-96DF9ACD3088}
	EndGlobalSection
	GlobalSection(ExtensibilityGlobals) = postSolution
		SolutionGuid = {FEBFD76B-32C6-4423-A901-03ED0652E848}
	EndGlobalSection
EndGlobal
